
Microsoft Visual Studio Solution File, Format Version 12.00
# Visual Studio Version 17
VisualStudioVersion = 17.4.33110.190
MinimumVisualStudioVersion = 10.0.40219.1
Project("{E24C65DC-7377-472B-9ABA-BC803B73C61A}") = "AttendancePortal", "..\..\..\Downloads\AttendancePortal\", "{DD0E400D-FFC9-48C6-870A-E1E0295EF5DF}"
	ProjectSection(WebsiteProperties) = preProject
		TargetFrameworkMoniker = ".NETFramework,Version%3Dv4.8"
		Debug.AspNetCompiler.VirtualPath = "/localhost_50484"
		Debug.AspNetCompiler.PhysicalPath = "..\..\..\Downloads\AttendancePortal\"
		Debug.AspNetCompiler.TargetPath = "PrecompiledWeb\localhost_50484\"
		Debug.AspNetCompiler.Updateable = "true"
		Debug.AspNetCompiler.ForceOverwrite = "true"
		Debug.AspNetCompiler.FixedNames = "false"
		Debug.AspNetCompiler.Debug = "True"
		Release.AspNetCompiler.VirtualPath = "/localhost_50484"
		Release.AspNetCompiler.PhysicalPath = "..\..\..\Downloads\AttendancePortal\"
		Release.AspNetCompiler.TargetPath = "PrecompiledWeb\localhost_50484\"
		Release.AspNetCompiler.Updateable = "true"
		Release.AspNetCompiler.ForceOverwrite = "true"
		Release.AspNetCompiler.FixedNames = "false"
		Release.AspNetCompiler.Debug = "False"
		VWDPort = "50484"
		SlnRelativePath = "..\..\..\Downloads\AttendancePortal\"
	EndProjectSection
EndProject
Global
	GlobalSection(SolutionConfigurationPlatforms) = preSolution
		Debug|Any CPU = Debug|Any CPU
	EndGlobalSection
	GlobalSection(ProjectConfigurationPlatforms) = postSolution
		{DD0E400D-FFC9-48C6-870A-E1E0295EF5DF}.Debug|Any CPU.ActiveCfg = Debug|Any CPU
		{DD0E400D-FFC9-48C6-870A-E1E0295EF5DF}.Debug|Any CPU.Build.0 = Debug|Any CPU
	EndGlobalSection
	GlobalSection(SolutionProperties) = preSolution
		HideSolutionNode = FALSE
	EndGlobalSection
	GlobalSection(ExtensibilityGlobals) = postSolution
		SolutionGuid = {4F47FE69-ECDC-4A42-A34A-3752FFA728C7}
	EndGlobalSection
EndGlobal
